
Microsoft Visual Studio Solution File, Format Version 12.00
# Visual Studio Version 17
VisualStudioVersion = 17.5.33516.290
MinimumVisualStudioVersion = 10.0.40219.1
Project("{8BC9CEB8-8B4A-11D0-8D11-00A0C91BC942}") = "code01_change", "code01_change\code01_change.vcxproj", "{12E39C6A-A4E4-4844-828A-7E16EF569754}"
EndProject
Project("{8BC9CEB8-8B4A-11D0-8D11-00A0C91BC942}") = "code02_law_of_large_numbers", "code02_law_of_large_numbers\code02_law_of_large_numbers.vcxproj", "{94AA1B59-F9BB-433C-8D43-F9D8AC8D4F42}"
EndProject
Project("{8BC9CEB8-8B4A-11D0-8D11-00A0C91BC942}") = "code03_cardGame", "code03_cardGame\code03_cardGame.vcxproj", "{595ED55E-669C-40F3-B767-79B8ED833AA5}"
EndProject
Global
	GlobalSection(SolutionConfigurationPlatforms) = preSolution
		Debug|x64 = Debug|x64
		Debug|x86 = Debug|x86
		Release|x64 = Release|x64
		Release|x86 = Release|x86
	EndGlobalSection
	GlobalSection(ProjectConfigurationPlatforms) = postSolution
		{12E39C6A-A4E4-4844-828A-7E16EF569754}.Debug|x64.ActiveCfg = Debug|x64
		{12E39C6A-A4E4-4844-828A-7E16EF569754}.Debug|x64.Build.0 = Debug|x64
		{12E39C6A-A4E4-4844-828A-7E16EF569754}.Debug|x86.ActiveCfg = Debug|Win32
		{12E39C6A-A4E4-4844-828A-7E16EF569754}.Debug|x86.Build.0 = Debug|Win32
		{12E39C6A-A4E4-4844-828A-7E16EF569754}.Release|x64.ActiveCfg = Release|x64
		{12E39C6A-A4E4-4844-828A-7E16EF569754}.Release|x64.Build.0 = Release|x64
		{12E39C6A-A4E4-4844-828A-7E16EF569754}.Release|x86.ActiveCfg = Release|Win32
		{12E39C6A-A4E4-4844-828A-7E16EF569754}.Release|x86.Build.0 = Release|Win32
		{94AA1B59-F9BB-433C-8D43-F9D8AC8D4F42}.Debug|x64.ActiveCfg = Debug|x64
		{94AA1B59-F9BB-433C-8D43-F9D8AC8D4F42}.Debug|x64.Build.0 = Debug|x64
		{94AA1B59-F9BB-433C-8D43-F9D8AC8D4F42}.Debug|x86.ActiveCfg = Debug|Win32
		{94AA1B59-F9BB-433C-8D43-F9D8AC8D4F42}.Debug|x86.Build.0 = Debug|Win32
		{94AA1B59-F9BB-433C-8D43-F9D8AC8D4F42}.Release|x64.ActiveCfg = Release|x64
		{94AA1B59-F9BB-433C-8D43-F9D8AC8D4F42}.Release|x64.Build.0 = Release|x64
		{94AA1B59-F9BB-433C-8D43-F9D8AC8D4F42}.Release|x86.ActiveCfg = Release|Win32
		{94AA1B59-F9BB-433C-8D43-F9D8AC8D4F42}.Release|x86.Build.0 = Release|Win32
		{595ED55E-669C-40F3-B767-79B8ED833AA5}.Debug|x64.ActiveCfg = Debug|x64
		{595ED55E-669C-40F3-B767-79B8ED833AA5}.Debug|x64.Build.0 = Debug|x64
		{595ED55E-669C-40F3-B767-79B8ED833AA5}.Debug|x86.ActiveCfg = Debug|Win32
		{595ED55E-669C-40F3-B767-79B8ED833AA5}.Debug|x86.Build.0 = Debug|Win32
		{595ED55E-669C-40F3-B767-79B8ED833AA5}.Release|x64.ActiveCfg = Release|x64
		{595ED55E-669C-40F3-B767-79B8ED833AA5}.Release|x64.Build.0 = Release|x64
		{595ED55E-669C-40F3-B767-79B8ED833AA5}.Release|x86.ActiveCfg = Release|Win32
		{595ED55E-669C-40F3-B767-79B8ED833AA5}.Release|x86.Build.0 = Release|Win32
	EndGlobalSection
	GlobalSection(SolutionProperties) = preSolution
		HideSolutionNode = FALSE
	EndGlobalSection
	GlobalSection(ExtensibilityGlobals) = postSolution
		SolutionGuid = {F32171CD-EA7B-41DB-A430-4D89AF4A29B0}
	EndGlobalSection
EndGlobal
